
Microsoft Visual Studio Solution File, Format Version 12.00
# Visual Studio Version 17
VisualStudioVersion = 17.0.31903.59
MinimumVisualStudioVersion = 10.0.40219.1
Project("{FAE04EC0-301F-11D3-BF4B-00C04F79EFBC}") = "MaquinOM", "MaquinOM\MaquinOM.csproj", "{350122D3-FF14-4339-8D7D-896405D85F9A}"
EndProject
Project("{FAE04EC0-301F-11D3-BF4B-00C04F79EFBC}") = "MaquinAPI", "MaquinAPI\MaquinAPI.csproj", "{1E9E55D8-77AB-4980-89EF-7AB7E853AD32}"
EndProject
Global
	GlobalSection(SolutionConfigurationPlatforms) = preSolution
		Debug|Any CPU = Debug|Any CPU
		Release|Any CPU = Release|Any CPU
	EndGlobalSection
	GlobalSection(SolutionProperties) = preSolution
		HideSolutionNode = FALSE
	EndGlobalSection
	GlobalSection(ProjectConfigurationPlatforms) = postSolution
		{350122D3-FF14-4339-8D7D-896405D85F9A}.Debug|Any CPU.ActiveCfg = Debug|Any CPU
		{350122D3-FF14-4339-8D7D-896405D85F9A}.Debug|Any CPU.Build.0 = Debug|Any CPU
		{350122D3-FF14-4339-8D7D-896405D85F9A}.Release|Any CPU.ActiveCfg = Release|Any CPU
		{350122D3-FF14-4339-8D7D-896405D85F9A}.Release|Any CPU.Build.0 = Release|Any CPU
		{1E9E55D8-77AB-4980-89EF-7AB7E853AD32}.Debug|Any CPU.ActiveCfg = Debug|Any CPU
		{1E9E55D8-77AB-4980-89EF-7AB7E853AD32}.Debug|Any CPU.Build.0 = Debug|Any CPU
		{1E9E55D8-77AB-4980-89EF-7AB7E853AD32}.Release|Any CPU.ActiveCfg = Release|Any CPU
		{1E9E55D8-77AB-4980-89EF-7AB7E853AD32}.Release|Any CPU.Build.0 = Release|Any CPU
	EndGlobalSection
EndGlobal
